
Microsoft Visual Studio Solution File, Format Version 12.00
# Visual Studio Version 17
VisualStudioVersion = 17.14.36414.22 d17.14
MinimumVisualStudioVersion = 10.0.40219.1
Project("{FAE04EC0-301F-11D3-BF4B-00C04F79EFBC}") = "ProjectManager.Web", "ProjectManager.Web\ProjectManager.Web.csproj", "{51CF0EA7-4E52-44A8-B329-ABF1B73EEBD8}"
EndProject
Project("{FAE04EC0-301F-11D3-BF4B-00C04F79EFBC}") = "ProjectManager.BLL", "ProjectManager.BLL\ProjectManager.BLL.csproj", "{CE98FF74-030E-4D64-B034-4929E7307253}"
EndProject
Project("{FAE04EC0-301F-11D3-BF4B-00C04F79EFBC}") = "ProjectManager.DAL", "ProjectManager.DAL\ProjectManager.DAL.csproj", "{1773D196-6E7B-45A2-B93B-D3227A07834F}"
EndProject
Project("{FAE04EC0-301F-11D3-BF4B-00C04F79EFBC}") = "ProjectManager.Models", "ProjectManager.Models\ProjectManager.Models.csproj", "{5075A8B6-07DF-4314-A6D7-FD5A212A695F}"
EndProject
Global
	GlobalSection(SolutionConfigurationPlatforms) = preSolution
		Debug|Any CPU = Debug|Any CPU
		Release|Any CPU = Release|Any CPU
	EndGlobalSection
	GlobalSection(ProjectConfigurationPlatforms) = postSolution
		{51CF0EA7-4E52-44A8-B329-ABF1B73EEBD8}.Debug|Any CPU.ActiveCfg = Debug|Any CPU
		{51CF0EA7-4E52-44A8-B329-ABF1B73EEBD8}.Debug|Any CPU.Build.0 = Debug|Any CPU
		{51CF0EA7-4E52-44A8-B329-ABF1B73EEBD8}.Release|Any CPU.ActiveCfg = Release|Any CPU
		{51CF0EA7-4E52-44A8-B329-ABF1B73EEBD8}.Release|Any CPU.Build.0 = Release|Any CPU
		{CE98FF74-030E-4D64-B034-4929E7307253}.Debug|Any CPU.ActiveCfg = Debug|Any CPU
		{CE98FF74-030E-4D64-B034-4929E7307253}.Debug|Any CPU.Build.0 = Debug|Any CPU
		{CE98FF74-030E-4D64-B034-4929E7307253}.Release|Any CPU.ActiveCfg = Release|Any CPU
		{CE98FF74-030E-4D64-B034-4929E7307253}.Release|Any CPU.Build.0 = Release|Any CPU
		{1773D196-6E7B-45A2-B93B-D3227A07834F}.Debug|Any CPU.ActiveCfg = Debug|Any CPU
		{1773D196-6E7B-45A2-B93B-D3227A07834F}.Debug|Any CPU.Build.0 = Debug|Any CPU
		{1773D196-6E7B-45A2-B93B-D3227A07834F}.Release|Any CPU.ActiveCfg = Release|Any CPU
		{1773D196-6E7B-45A2-B93B-D3227A07834F}.Release|Any CPU.Build.0 = Release|Any CPU
		{5075A8B6-07DF-4314-A6D7-FD5A212A695F}.Debug|Any CPU.ActiveCfg = Debug|Any CPU
		{5075A8B6-07DF-4314-A6D7-FD5A212A695F}.Debug|Any CPU.Build.0 = Debug|Any CPU
		{5075A8B6-07DF-4314-A6D7-FD5A212A695F}.Release|Any CPU.ActiveCfg = Release|Any CPU
		{5075A8B6-07DF-4314-A6D7-FD5A212A695F}.Release|Any CPU.Build.0 = Release|Any CPU
	EndGlobalSection
	GlobalSection(SolutionProperties) = preSolution
		HideSolutionNode = FALSE
	EndGlobalSection
	GlobalSection(ExtensibilityGlobals) = postSolution
		SolutionGuid = {CD482960-F947-4FCD-93F1-A478263E6C3D}
	EndGlobalSection
EndGlobal
